{
  "version": "5",
  "specifiers": {
    "jsr:@std/assert@1": "1.0.13",
    "jsr:@std/internal@^1.0.6": "1.0.6",
    "npm:@ethereumjs/common@10": "10.0.0",
    "npm:@ethereumjs/rlp@10": "10.0.0",
    "npm:@ethereumjs/tx@10": "10.0.0",
    "npm:@ethereumjs/util@10": "10.0.0",
    "npm:@openzeppelin/contracts@^5.3.0": "5.3.0",
    "npm:@types/node@*": "22.12.0",
    "npm:elliptic@^6.6.1": "6.6.1",
    "npm:ethers@^6.14.0": "6.14.0",
    "npm:keccak@^3.0.4": "3.0.4",
    "npm:viem@^2.29.1": "2.29.1_ws@8.18.1"
  },
  "jsr": {
    "@std/assert@1.0.13": {
      "integrity": "ae0d31e41919b12c656c742b22522c32fb26ed0cba32975cb0de2a273cb68b29",
      "dependencies": [
        "jsr:@std/internal"
      ]
    },
    "@std/internal@1.0.6": {
      "integrity": "9533b128f230f73bd209408bb07a4b12f8d4255ab2a4d22a1fd6d87304aca9a4"
    }
  },
  "npm": {
    "@adraffy/ens-normalize@1.10.1": {
      "integrity": "sha512-96Z2IP3mYmF1Xg2cDm8f1gWGf/HUVedQ3FMifV4kG/PQ4yEP51xDtRAEfhVNt5f/uzpNkZHwWQuUcu6D6K+Ekw=="
    },
    "@ethereumjs/common@10.0.0": {
      "integrity": "sha512-qb0M1DGdXzMAf3O6Zg5Wr5UDjoxBmplLPbQyC6DQ0LfgVDBRdqn0Pk+/hHm4q0McE22Of0MxbV4hhiDTkSgKag==",
      "dependencies": [
        "@ethereumjs/util",
        "eventemitter3"
      ]
    },
    "@ethereumjs/rlp@10.0.0": {
      "integrity": "sha512-h2SK6RxFBfN5ZGykbw8LTNNLckSXZeuUZ6xqnmtF22CzZbHflFMcIOyfVGdvyCVQqIoSbGMHtvyxMCWnOyB9RA==",
      "bin": true
    },
    "@ethereumjs/tx@10.0.0": {
      "integrity": "sha512-DApm04kp2nbvaOuHy2Rkcz1ZeJkTVgW6oCuNnQf9bRtGc+LsvLrdULE3LoGtBItEoNEcgXLJqrV0foooWFX6jw==",
      "dependencies": [
        "@ethereumjs/common",
        "@ethereumjs/rlp",
        "@ethereumjs/util",
        "ethereum-cryptography"
      ]
    },
    "@ethereumjs/util@10.0.0": {
      "integrity": "sha512-lO23alM4uQsv8dp6/yEm4Xw4328+wIRjSeuBO1mRTToUWRcByEMTk87yzBpXgpixpgHrl+9LTn9KB2vvKKtOQQ==",
      "dependencies": [
        "@ethereumjs/rlp",
        "ethereum-cryptography"
      ]
    },
    "@noble/ciphers@1.3.0": {
      "integrity": "sha512-2I0gnIVPtfnMw9ee9h1dJG7tp81+8Ob3OJb3Mv37rx5L40/b0i7djjCVvGOVqc9AEIQyvyu1i6ypKdFw8R8gQw=="
    },
    "@noble/curves@1.2.0": {
      "integrity": "sha512-oYclrNgRaM9SsBUBVbb8M6DTV7ZHRTKugureoYEncY5c65HOmRzvSiTE3y5CYaPYJA/GVkrhXEoF0M3Ya9PMnw==",
      "dependencies": [
        "@noble/hashes@1.3.2"
      ]
    },
    "@noble/curves@1.8.2": {
      "integrity": "sha512-vnI7V6lFNe0tLAuJMu+2sX+FcL14TaCWy1qiczg1VwRmPrpQCdq5ESXQMqUc2tluRNf6irBXrWbl1mGN8uaU/g==",
      "dependencies": [
        "@noble/hashes@1.7.2"
      ]
    },
    "@noble/curves@1.9.0": {
      "integrity": "sha512-7YDlXiNMdO1YZeH6t/kvopHHbIZzlxrCV9WLqCY6QhcXOoXiNCMDqJIglZ9Yjx5+w7Dz30TITFrlTjnRg7sKEg==",
      "dependencies": [
        "@noble/hashes@1.8.0"
      ]
    },
    "@noble/hashes@1.3.2": {
      "integrity": "sha512-MVC8EAQp7MvEcm30KWENFjgR+Mkmf+D189XJTkFIlwohU5hcBbn1ZkKq7KVTi2Hme3PMGF390DaL52beVrIihQ=="
    },
    "@noble/hashes@1.7.2": {
      "integrity": "sha512-biZ0NUSxyjLLqo6KxEJ1b+C2NAx0wtDoFvCaXHGgUkeHzf3Xc1xKumFKREuT7f7DARNZ/slvYUwFG6B0f2b6hQ=="
    },
    "@noble/hashes@1.8.0": {
      "integrity": "sha512-jCs9ldd7NwzpgXDIf6P3+NrHh9/sD6CQdxHyjQI+h/6rDNo88ypBxxz45UDuZHz9r3tNz7N/VInSVoVdtXEI4A=="
    },
    "@openzeppelin/contracts@5.3.0": {
      "integrity": "sha512-zj/KGoW7zxWUE8qOI++rUM18v+VeLTTzKs/DJFkSzHpQFPD/jKKF0TrMxBfGLl3kpdELCNccvB3zmofSzm4nlA=="
    },
    "@scure/base@1.2.5": {
      "integrity": "sha512-9rE6EOVeIQzt5TSu4v+K523F8u6DhBsoZWPGKlnCshhlDhy0kJzUX4V+tr2dWmzF1GdekvThABoEQBGBQI7xZw=="
    },
    "@scure/bip32@1.6.2": {
      "integrity": "sha512-t96EPDMbtGgtb7onKKqxRLfE5g05k7uHnHRM2xdE6BP/ZmxaLtPek4J4KfVn/90IQNrU1IOAqMgiDtUdtbe3nw==",
      "dependencies": [
        "@noble/curves@1.8.2",
        "@noble/hashes@1.7.2",
        "@scure/base"
      ]
    },
    "@scure/bip32@1.7.0": {
      "integrity": "sha512-E4FFX/N3f4B80AKWp5dP6ow+flD1LQZo/w8UnLGYZO674jS6YnYeepycOOksv+vLPSpgN35wgKgy+ybfTb2SMw==",
      "dependencies": [
        "@noble/curves@1.9.0",
        "@noble/hashes@1.8.0",
        "@scure/base"
      ]
    },
    "@scure/bip39@1.5.4": {
      "integrity": "sha512-TFM4ni0vKvCfBpohoh+/lY05i9gRbSwXWngAsF4CABQxoaOHijxuaZ2R6cStDQ5CHtHO9aGJTr4ksVJASRRyMA==",
      "dependencies": [
        "@noble/hashes@1.7.2",
        "@scure/base"
      ]
    },
    "@scure/bip39@1.6.0": {
      "integrity": "sha512-+lF0BbLiJNwVlev4eKelw1WWLaiKXw7sSl8T6FvBlWkdX+94aGJ4o8XjUdlyhTCjd8c+B3KT3JfS8P0bLRNU6A==",
      "dependencies": [
        "@noble/hashes@1.8.0",
        "@scure/base"
      ]
    },
    "@types/node@22.12.0": {
      "integrity": "sha512-Fll2FZ1riMjNmlmJOdAyY5pUbkftXslB5DgEzlIuNaiWhXd00FhWxVC/r4yV/4wBb9JfImTu+jiSvXTkJ7F/gA==",
      "dependencies": [
        "undici-types@6.20.0"
      ]
    },
    "@types/node@22.7.5": {
      "integrity": "sha512-jML7s2NAzMWc//QSJ1a3prpk78cOPchGvXJsC3C6R6PSMoooztvRVQEz89gmBTBY1SPMaqo5teB4uNHPdetShQ==",
      "dependencies": [
        "undici-types@6.19.8"
      ]
    },
    "abitype@1.0.8": {
      "integrity": "sha512-ZeiI6h3GnW06uYDLx0etQtX/p8E24UaHHBj57RSjK7YBFe7iuVn07EDpOeP451D06sF27VOz9JJPlIKJmXgkEg=="
    },
    "aes-js@4.0.0-beta.5": {
      "integrity": "sha512-G965FqalsNyrPqgEGON7nIx1e/OVENSgiEIzyC63haUMuvNnwIgIjMs52hlTCKhkBny7A2ORNlfY9Zu+jmGk1Q=="
    },
    "bn.js@4.12.2": {
      "integrity": "sha512-n4DSx829VRTRByMRGdjQ9iqsN0Bh4OolPsFnaZBLcbi8iXcB+kJ9s7EnRt4wILZNV3kPLHkRVfOc/HvhC3ovDw=="
    },
    "brorand@1.1.0": {
      "integrity": "sha512-cKV8tMCEpQs4hK/ik71d6LrPOnpkpGBR0wzxqr68g2m/LB2GxVYQroAjMJZRVM1Y4BCjCKc3vAamxSzOY2RP+w=="
    },
    "elliptic@6.6.1": {
      "integrity": "sha512-RaddvvMatK2LJHqFJ+YA4WysVN5Ita9E35botqIYspQ4TkRAlCicdzKOjlyv/1Za5RyTNn7di//eEV0uTAfe3g==",
      "dependencies": [
        "bn.js",
        "brorand",
        "hash.js",
        "hmac-drbg",
        "inherits",
        "minimalistic-assert",
        "minimalistic-crypto-utils"
      ]
    },
    "ethereum-cryptography@3.2.0": {
      "integrity": "sha512-Urr5YVsalH+Jo0sYkTkv1MyI9bLYZwW8BENZCeE1QYaTHETEYx0Nv/SVsWkSqpYrzweg6d8KMY1wTjH/1m/BIg==",
      "dependencies": [
        "@noble/ciphers",
        "@noble/curves@1.9.0",
        "@noble/hashes@1.8.0",
        "@scure/bip32@1.7.0",
        "@scure/bip39@1.6.0"
      ]
    },
    "ethers@6.14.0": {
      "integrity": "sha512-KgHwltNSMdbrGWEyKkM0Rt2s+u1nDH/5BVDQakLinzGEJi4bWindBzZSCC4gKsbZjwDTI6ex/8suR9Ihbmz4IQ==",
      "dependencies": [
        "@adraffy/ens-normalize",
        "@noble/curves@1.2.0",
        "@noble/hashes@1.3.2",
        "@types/node@22.7.5",
        "aes-js",
        "tslib",
        "ws@8.17.1"
      ]
    },
    "eventemitter3@5.0.1": {
      "integrity": "sha512-GWkBvjiSZK87ELrYOSESUYeVIc9mvLLf/nXalMOS5dYrgZq9o5OVkbZAVM06CVxYsCwH9BDZFPlQTlPA1j4ahA=="
    },
    "hash.js@1.1.7": {
      "integrity": "sha512-taOaskGt4z4SOANNseOviYDvjEJinIkRgmp7LbKP2YTTmVxWBl87s/uzK9r+44BclBSp2X7K1hqeNfz9JbBeXA==",
      "dependencies": [
        "inherits",
        "minimalistic-assert"
      ]
    },
    "hmac-drbg@1.0.1": {
      "integrity": "sha512-Tti3gMqLdZfhOQY1Mzf/AanLiqh1WTiJgEj26ZuYQ9fbkLomzGchCws4FyrSd4VkpBfiNhaE1On+lOz894jvXg==",
      "dependencies": [
        "hash.js",
        "minimalistic-assert",
        "minimalistic-crypto-utils"
      ]
    },
    "inherits@2.0.4": {
      "integrity": "sha512-k/vGaX4/Yla3WzyMCvTQOXYeIHvqOKtnqBduzTHpzpQZzAskKMhZ2K+EnBiSM9zGSoIFeMpXKxa4dYeZIQqewQ=="
    },
    "isows@1.0.6_ws@8.18.1": {
      "integrity": "sha512-lPHCayd40oW98/I0uvgaHKWCSvkzY27LjWLbtzOm64yQ+G3Q5npjjbdppU65iZXkK1Zt+kH9pfegli0AYfwYYw==",
      "dependencies": [
        "ws@8.18.1"
      ]
    },
    "keccak@3.0.4": {
      "integrity": "sha512-3vKuW0jV8J3XNTzvfyicFR5qvxrSAGl7KIhvgOu5cmWwM7tZRj3fMbj/pfIf4be7aznbc+prBWGjywox/g2Y6Q==",
      "dependencies": [
        "node-addon-api",
        "node-gyp-build",
        "readable-stream"
      ],
      "scripts": true
    },
    "minimalistic-assert@1.0.1": {
      "integrity": "sha512-UtJcAD4yEaGtjPezWuO9wC4nwUnVH/8/Im3yEHQP4b67cXlD/Qr9hdITCU1xDbSEXg2XKNaP8jsReV7vQd00/A=="
    },
    "minimalistic-crypto-utils@1.0.1": {
      "integrity": "sha512-JIYlbt6g8i5jKfJ3xz7rF0LXmv2TkDxBLUkiBeZ7bAx4GnnNMr8xFpGnOxn6GhTEHx3SjRrZEoU+j04prX1ktg=="
    },
    "node-addon-api@2.0.2": {
      "integrity": "sha512-Ntyt4AIXyaLIuMHF6IOoTakB3K+RWxwtsHNRxllEoA6vPwP9o4866g6YWDLUdnucilZhmkxiHwHr11gAENw+QA=="
    },
    "node-gyp-build@4.8.4": {
      "integrity": "sha512-LA4ZjwlnUblHVgq0oBF3Jl/6h/Nvs5fzBLwdEF4nuxnFdsfajde4WfxtJr3CaiH+F6ewcIB/q4jQ4UzPyid+CQ==",
      "bin": true
    },
    "ox@0.6.9": {
      "integrity": "sha512-wi5ShvzE4eOcTwQVsIPdFr+8ycyX+5le/96iAJutaZAvCes1J0+RvpEPg5QDPDiaR0XQQAvZVl7AwqQcINuUug==",
      "dependencies": [
        "@adraffy/ens-normalize",
        "@noble/curves@1.9.0",
        "@noble/hashes@1.8.0",
        "@scure/bip32@1.7.0",
        "@scure/bip39@1.6.0",
        "abitype",
        "eventemitter3"
      ]
    },
    "readable-stream@3.6.2": {
      "integrity": "sha512-9u/sniCrY3D5WdsERHzHE4G2YCXqoG5FTHUiCC4SIbr6XcLZBY05ya9EKjYek9O5xOAwjGq+1JdGBAS7Q9ScoA==",
      "dependencies": [
        "inherits",
        "string_decoder",
        "util-deprecate"
      ]
    },
    "safe-buffer@5.2.1": {
      "integrity": "sha512-rp3So07KcdmmKbGvgaNxQSJr7bGVSVk5S9Eq1F+ppbRo70+YeaDxkw5Dd8NPN+GD6bjnYm2VuPuCXmpuYvmCXQ=="
    },
    "string_decoder@1.3.0": {
      "integrity": "sha512-hkRX8U1WjJFd8LsDJ2yQ/wWWxaopEsABU1XfkM8A+j0+85JAGppt16cr1Whg6KIbb4okU6Mql6BOj+uup/wKeA==",
      "dependencies": [
        "safe-buffer"
      ]
    },
    "tslib@2.7.0": {
      "integrity": "sha512-gLXCKdN1/j47AiHiOkJN69hJmcbGTHI0ImLmbYLHykhgeN0jVGola9yVjFgzCUklsZQMW55o+dW7IXv3RCXDzA=="
    },
    "undici-types@6.19.8": {
      "integrity": "sha512-ve2KP6f/JnbPBFyobGHuerC9g1FYGn/F8n1LWTwNxCEzd6IfqTwUQcNXgEtmmQ6DlRrC1hrSrBnCZPokRrDHjw=="
    },
    "undici-types@6.20.0": {
      "integrity": "sha512-Ny6QZ2Nju20vw1SRHe3d9jVu6gJ+4e3+MMpqu7pqE5HT6WsTSlce++GQmK5UXS8mzV8DSYHrQH+Xrf2jVcuKNg=="
    },
    "util-deprecate@1.0.2": {
      "integrity": "sha512-EPD5q1uXyFxJpCrLnCc1nHnq3gOa6DZBocAIiI2TaSCA7VCJ1UJDMagCzIkXNsUYfD1daK//LTEQ8xiIbrHtcw=="
    },
    "viem@2.29.1_ws@8.18.1": {
      "integrity": "sha512-mhLn0vDdsxZ4taB7XYgnIVNvXASm60KyPAkvw4k8uNCQ+HLH+5jUgKvLg4AP3y6VJxsgiVPwqUt0dJANDF5DZA==",
      "dependencies": [
        "@noble/curves@1.8.2",
        "@noble/hashes@1.7.2",
        "@scure/bip32@1.6.2",
        "@scure/bip39@1.5.4",
        "abitype",
        "isows",
        "ox",
        "ws@8.18.1"
      ]
    },
    "ws@8.17.1": {
      "integrity": "sha512-6XQFvXTkbfUOZOKKILFG1PDK2NDQs4azKQl26T0YS5CxqWLgXajbPZ+h4gZekJyRqFU8pvnbAbbs/3TgRPy+GQ=="
    },
    "ws@8.18.1": {
      "integrity": "sha512-RKW2aJZMXeMxVpnZ6bck+RswznaxmzdULiBr6KY7XkTnW8uvt0iT9H5DkHUChXrc+uurzwa0rVI16n/Xzjdz1w=="
    }
  },
  "workspace": {
    "dependencies": [
      "jsr:@std/assert@1",
      "npm:@ethereumjs/common@10",
      "npm:@ethereumjs/rlp@10",
      "npm:@ethereumjs/tx@10",
      "npm:@ethereumjs/util@10",
      "npm:@openzeppelin/contracts@^5.3.0",
      "npm:elliptic@^6.6.1",
      "npm:ethers@^6.14.0",
      "npm:keccak@^3.0.4",
      "npm:viem@^2.29.1"
    ]
  }
}
